
Microsoft Visual Studio Solution File, Format Version 12.00
# Visual Studio 15
Project("{FAE04EC0-301F-11D3-BF4B-00C04F79EFBC}") = "Assembly-CSharp", "Assembly-CSharp.csproj", "{1C26F2C6-5A35-3688-FFA4-CC8B2B4DA96F}"
EndProject
Global
	GlobalSection(SolutionConfigurationPlatforms) = preSolution
		Debug|Any CPU = Debug|Any CPU
		Release|Any CPU = Release|Any CPU
	EndGlobalSection
	GlobalSection(ProjectConfigurationPlatforms) = postSolution
		{1C26F2C6-5A35-3688-FFA4-CC8B2B4DA96F}.Debug|Any CPU.ActiveCfg = Debug|Any CPU
		{1C26F2C6-5A35-3688-FFA4-CC8B2B4DA96F}.Debug|Any CPU.Build.0 = Debug|Any CPU
		{1C26F2C6-5A35-3688-FFA4-CC8B2B4DA96F}.Release|Any CPU.ActiveCfg = Release|Any CPU
		{1C26F2C6-5A35-3688-FFA4-CC8B2B4DA96F}.Release|Any CPU.Build.0 = Release|Any CPU
	EndGlobalSection
	GlobalSection(SolutionProperties) = preSolution
		HideSolutionNode = FALSE
	EndGlobalSection
EndGlobal
